// !$*UTF8*$!
{
	archiveVersion = 1;
	classes = {
	};
	objectVersion = 50;
	objects = {

/* Begin PBXBuildFile section */
		6508F0AC259F25B500B5F72F /* EventDataTransactionDelegate.swift in Sources */ = {isa = PBXBuildFile; fileRef = 6508F0AB259F25B500B5F72F /* EventDataTransactionDelegate.swift */; };
		65130FBB2588CD4C005CEACF /* AppDelegate.swift in Sources */ = {isa = PBXBuildFile; fileRef = 65130FBA2588CD4C005CEACF /* AppDelegate.swift */; };
		65130FBD2588CD4C005CEACF /* SceneDelegate.swift in Sources */ = {isa = PBXBuildFile; fileRef = 65130FBC2588CD4C005CEACF /* SceneDelegate.swift */; };
		65130FBF2588CD4C005CEACF /* AccountVC.swift in Sources */ = {isa = PBXBuildFile; fileRef = 65130FBE2588CD4C005CEACF /* AccountVC.swift */; };
		65130FC22588CD4C005CEACF /* Main.storyboard in Resources */ = {isa = PBXBuildFile; fileRef = 65130FC02588CD4C005CEACF /* Main.storyboard */; };
		65130FC42588CD4C005CEACF /* Assets.xcassets in Resources */ = {isa = PBXBuildFile; fileRef = 65130FC32588CD4C005CEACF /* Assets.xcassets */; };
		65130FC72588CD4C005CEACF /* LaunchScreen.storyboard in Resources */ = {isa = PBXBuildFile; fileRef = 65130FC52588CD4C005CEACF /* LaunchScreen.storyboard */; };
		657D5A0225A08938004C213F /* AccountTableViewCell.swift in Sources */ = {isa = PBXBuildFile; fileRef = 657D5A0125A08938004C213F /* AccountTableViewCell.swift */; };
		657FAA0925ACDEBB000381B2 /* SettingsTVC.swift in Sources */ = {isa = PBXBuildFile; fileRef = 657FAA0825ACDEBB000381B2 /* SettingsTVC.swift */; };
		657FAA0D25ACDF71000381B2 /* SettingsStaticCellTableViewCell.swift in Sources */ = {isa = PBXBuildFile; fileRef = 657FAA0B25ACDF71000381B2 /* SettingsStaticCellTableViewCell.swift */; };
		657FAA0E25ACDF71000381B2 /* SettingsStaticCellTableViewCell.xib in Resources */ = {isa = PBXBuildFile; fileRef = 657FAA0C25ACDF71000381B2 /* SettingsStaticCellTableViewCell.xib */; };
		6584B39C259F47490087505D /* DataEntities.swift in Sources */ = {isa = PBXBuildFile; fileRef = 6584B39B259F47490087505D /* DataEntities.swift */; };
		6589A862259D46390007DE13 /* ReportVC.swift in Sources */ = {isa = PBXBuildFile; fileRef = 6589A861259D46390007DE13 /* ReportVC.swift */; };
		6589A865259D46430007DE13 /* SettingsVC.swift in Sources */ = {isa = PBXBuildFile; fileRef = 6589A864259D46430007DE13 /* SettingsVC.swift */; };
		6589A868259D464D0007DE13 /* BudgetVC.swift in Sources */ = {isa = PBXBuildFile; fileRef = 6589A867259D464D0007DE13 /* BudgetVC.swift */; };
		6594E85F259E358F001AEFF3 /* EditorOfTransactionVC.swift in Sources */ = {isa = PBXBuildFile; fileRef = 6594E85E259E358F001AEFF3 /* EditorOfTransactionVC.swift */; };
		6594E862259E433E001AEFF3 /* DatabaseManager.swift in Sources */ = {isa = PBXBuildFile; fileRef = 6594E861259E433E001AEFF3 /* DatabaseManager.swift */; };
		65E3EEE725A389D200BCD62D /* DataFormatter.swift in Sources */ = {isa = PBXBuildFile; fileRef = 65E3EEE625A389D200BCD62D /* DataFormatter.swift */; };
/* End PBXBuildFile section */

/* Begin PBXFileReference section */
		6508F0AB259F25B500B5F72F /* EventDataTransactionDelegate.swift */ = {isa = PBXFileReference; lastKnownFileType = sourcecode.swift; path = EventDataTransactionDelegate.swift; sourceTree = "<group>"; };
		65130FB72588CD4C005CEACF /* ProjectMoney.app */ = {isa = PBXFileReference; explicitFileType = wrapper.application; includeInIndex = 0; path = ProjectMoney.app; sourceTree = BUILT_PRODUCTS_DIR; };
		65130FBA2588CD4C005CEACF /* AppDelegate.swift */ = {isa = PBXFileReference; lastKnownFileType = sourcecode.swift; path = AppDelegate.swift; sourceTree = "<group>"; };
		65130FBC2588CD4C005CEACF /* SceneDelegate.swift */ = {isa = PBXFileReference; lastKnownFileType = sourcecode.swift; path = SceneDelegate.swift; sourceTree = "<group>"; };
		65130FBE2588CD4C005CEACF /* AccountVC.swift */ = {isa = PBXFileReference; lastKnownFileType = sourcecode.swift; path = AccountVC.swift; sourceTree = "<group>"; };
		65130FC12588CD4C005CEACF /* Base */ = {isa = PBXFileReference; lastKnownFileType = file.storyboard; name = Base; path = Base.lproj/Main.storyboard; sourceTree = "<group>"; };
		65130FC32588CD4C005CEACF /* Assets.xcassets */ = {isa = PBXFileReference; lastKnownFileType = folder.assetcatalog; path = Assets.xcassets; sourceTree = "<group>"; };
		65130FC62588CD4C005CEACF /* Base */ = {isa = PBXFileReference; lastKnownFileType = file.storyboard; name = Base; path = Base.lproj/LaunchScreen.storyboard; sourceTree = "<group>"; };
		65130FC82588CD4C005CEACF /* Info.plist */ = {isa = PBXFileReference; lastKnownFileType = text.plist.xml; path = Info.plist; sourceTree = "<group>"; };
		657D5A0125A08938004C213F /* AccountTableViewCell.swift */ = {isa = PBXFileReference; lastKnownFileType = sourcecode.swift; path = AccountTableViewCell.swift; sourceTree = "<group>"; };
		657FAA0825ACDEBB000381B2 /* SettingsTVC.swift */ = {isa = PBXFileReference; lastKnownFileType = sourcecode.swift; path = SettingsTVC.swift; sourceTree = "<group>"; };
		657FAA0B25ACDF71000381B2 /* SettingsStaticCellTableViewCell.swift */ = {isa = PBXFileReference; lastKnownFileType = sourcecode.swift; path = SettingsStaticCellTableViewCell.swift; sourceTree = SOURCE_ROOT; };
		657FAA0C25ACDF71000381B2 /* SettingsStaticCellTableViewCell.xib */ = {isa = PBXFileReference; lastKnownFileType = file.xib; path = SettingsStaticCellTableViewCell.xib; sourceTree = SOURCE_ROOT; };
		6584B39B259F47490087505D /* DataEntities.swift */ = {isa = PBXFileReference; lastKnownFileType = sourcecode.swift; path = DataEntities.swift; sourceTree = "<group>"; };
		6589A861259D46390007DE13 /* ReportVC.swift */ = {isa = PBXFileReference; lastKnownFileType = sourcecode.swift; path = ReportVC.swift; sourceTree = "<group>"; };
		6589A864259D46430007DE13 /* SettingsVC.swift */ = {isa = PBXFileReference; lastKnownFileType = sourcecode.swift; path = SettingsVC.swift; sourceTree = "<group>"; };
		6589A867259D464D0007DE13 /* BudgetVC.swift */ = {isa = PBXFileReference; lastKnownFileType = sourcecode.swift; path = BudgetVC.swift; sourceTree = "<group>"; };
		6594E85E259E358F001AEFF3 /* EditorOfTransactionVC.swift */ = {isa = PBXFileReference; lastKnownFileType = sourcecode.swift; path = EditorOfTransactionVC.swift; sourceTree = "<group>"; };
		6594E861259E433E001AEFF3 /* DatabaseManager.swift */ = {isa = PBXFileReference; lastKnownFileType = sourcecode.swift; path = DatabaseManager.swift; sourceTree = "<group>"; };
		65E3EEE625A389D200BCD62D /* DataFormatter.swift */ = {isa = PBXFileReference; lastKnownFileType = sourcecode.swift; name = DataFormatter.swift; path = PopUpViewControllers/DataFormatter.swift; sourceTree = "<group>"; };
/* End PBXFileReference section */

/* Begin PBXFrameworksBuildPhase section */
		65130FB42588CD4C005CEACF /* Frameworks */ = {
			isa = PBXFrameworksBuildPhase;
			buildActionMask = 2147483647;
			files = (
			);
			runOnlyForDeploymentPostprocessing = 0;
		};
/* End PBXFrameworksBuildPhase section */

/* Begin PBXGroup section */
		65130FAE2588CD4C005CEACF = {
			isa = PBXGroup;
			children = (
				65130FB92588CD4C005CEACF /* ProjectMoney */,
				65130FB82588CD4C005CEACF /* Products */,
			);
			sourceTree = "<group>";
		};
		65130FB82588CD4C005CEACF /* Products */ = {
			isa = PBXGroup;
			children = (
				65130FB72588CD4C005CEACF /* ProjectMoney.app */,
			);
			name = Products;
			sourceTree = "<group>";
		};
		65130FB92588CD4C005CEACF /* ProjectMoney */ = {
			isa = PBXGroup;
			children = (
				657FAA0B25ACDF71000381B2 /* SettingsStaticCellTableViewCell.swift */,
				657FAA0C25ACDF71000381B2 /* SettingsStaticCellTableViewCell.xib */,
				6594E857259E3168001AEFF3 /* Assets */,
				6594E856259E3153001AEFF3 /* Delegate */,
				6589A85F259D46010007DE13 /* MainViewControllers */,
				6594E859259E31B4001AEFF3 /* PopUpViewControllers */,
				6594E861259E433E001AEFF3 /* DatabaseManager.swift */,
				6584B39B259F47490087505D /* DataEntities.swift */,
				65E3EEE625A389D200BCD62D /* DataFormatter.swift */,
				6594E858259E318C001AEFF3 /* Storyboards */,
				65130FC82588CD4C005CEACF /* Info.plist */,
			);
			path = ProjectMoney;
			sourceTree = "<group>";
		};
		6589A85F259D46010007DE13 /* MainViewControllers */ = {
			isa = PBXGroup;
			children = (
				65130FBE2588CD4C005CEACF /* AccountVC.swift */,
				6589A861259D46390007DE13 /* ReportVC.swift */,
				6589A867259D464D0007DE13 /* BudgetVC.swift */,
				6589A864259D46430007DE13 /* SettingsVC.swift */,
				657FAA0825ACDEBB000381B2 /* SettingsTVC.swift */,
				657D5A0125A08938004C213F /* AccountTableViewCell.swift */,
			);
			name = MainViewControllers;
			path = ..;
			sourceTree = "<group>";
		};
		6594E856259E3153001AEFF3 /* Delegate */ = {
			isa = PBXGroup;
			children = (
				65130FBA2588CD4C005CEACF /* AppDelegate.swift */,
				65130FBC2588CD4C005CEACF /* SceneDelegate.swift */,
				6508F0AB259F25B500B5F72F /* EventDataTransactionDelegate.swift */,
			);
			path = Delegate;
			sourceTree = "<group>";
		};
		6594E857259E3168001AEFF3 /* Assets */ = {
			isa = PBXGroup;
			children = (
				65130FC32588CD4C005CEACF /* Assets.xcassets */,
			);
			path = Assets;
			sourceTree = "<group>";
		};
		6594E858259E318C001AEFF3 /* Storyboards */ = {
			isa = PBXGroup;
			children = (
				65130FC02588CD4C005CEACF /* Main.storyboard */,
				65130FC52588CD4C005CEACF /* LaunchScreen.storyboard */,
			);
			path = Storyboards;
			sourceTree = "<group>";
		};
		6594E859259E31B4001AEFF3 /* PopUpViewControllers */ = {
			isa = PBXGroup;
			children = (
				6594E85E259E358F001AEFF3 /* EditorOfTransactionVC.swift */,
			);
			path = PopUpViewControllers;
			sourceTree = "<group>";
		};
/* End PBXGroup section */

/* Begin PBXNativeTarget section */
		65130FB62588CD4C005CEACF /* ProjectMoney */ = {
			isa = PBXNativeTarget;
			buildConfigurationList = 65130FCB2588CD4C005CEACF /* Build configuration list for PBXNativeTarget "ProjectMoney" */;
			buildPhases = (
				65130FB32588CD4C005CEACF /* Sources */,
				65130FB42588CD4C005CEACF /* Frameworks */,
				65130FB52588CD4C005CEACF /* Resources */,
			);
			buildRules = (
			);
			dependencies = (
			);
			name = ProjectMoney;
			productName = ProjectMoney;
			productReference = 65130FB72588CD4C005CEACF /* ProjectMoney.app */;
			productType = "com.apple.product-type.application";
		};
/* End PBXNativeTarget section */

/* Begin PBXProject section */
		65130FAF2588CD4C005CEACF /* Project object */ = {
			isa = PBXProject;
			attributes = {
				LastSwiftUpdateCheck = 1230;
				LastUpgradeCheck = 1230;
				TargetAttributes = {
					65130FB62588CD4C005CEACF = {
						CreatedOnToolsVersion = 12.3;
					};
				};
			};
			buildConfigurationList = 65130FB22588CD4C005CEACF /* Build configuration list for PBXProject "ProjectMoney" */;
			compatibilityVersion = "Xcode 9.3";
			developmentRegion = en;
			hasScannedForEncodings = 0;
			knownRegions = (
				en,
				Base,
			);
			mainGroup = 65130FAE2588CD4C005CEACF;
			productRefGroup = 65130FB82588CD4C005CEACF /* Products */;
			projectDirPath = "";
			projectRoot = "";
			targets = (
				65130FB62588CD4C005CEACF /* ProjectMoney */,
			);
		};
/* End PBXProject section */

/* Begin PBXResourcesBuildPhase section */
		65130FB52588CD4C005CEACF /* Resources */ = {
			isa = PBXResourcesBuildPhase;
			buildActionMask = 2147483647;
			files = (
				657FAA0E25ACDF71000381B2 /* SettingsStaticCellTableViewCell.xib in Resources */,
				65130FC72588CD4C005CEACF /* LaunchScreen.storyboard in Resources */,
				65130FC42588CD4C005CEACF /* Assets.xcassets in Resources */,
				65130FC22588CD4C005CEACF /* Main.storyboard in Resources */,
			);
			runOnlyForDeploymentPostprocessing = 0;
		};
/* End PBXResourcesBuildPhase section */

/* Begin PBXSourcesBuildPhase section */
		65130FB32588CD4C005CEACF /* Sources */ = {
			isa = PBXSourcesBuildPhase;
			buildActionMask = 2147483647;
			files = (
				657FAA0D25ACDF71000381B2 /* SettingsStaticCellTableViewCell.swift in Sources */,
				65130FBF2588CD4C005CEACF /* AccountVC.swift in Sources */,
				6508F0AC259F25B500B5F72F /* EventDataTransactionDelegate.swift in Sources */,
				657FAA0925ACDEBB000381B2 /* SettingsTVC.swift in Sources */,
				65E3EEE725A389D200BCD62D /* DataFormatter.swift in Sources */,
				6594E862259E433E001AEFF3 /* DatabaseManager.swift in Sources */,
				6594E85F259E358F001AEFF3 /* EditorOfTransactionVC.swift in Sources */,
				65130FBB2588CD4C005CEACF /* AppDelegate.swift in Sources */,
				6589A862259D46390007DE13 /* ReportVC.swift in Sources */,
				6584B39C259F47490087505D /* DataEntities.swift in Sources */,
				65130FBD2588CD4C005CEACF /* SceneDelegate.swift in Sources */,
				657D5A0225A08938004C213F /* AccountTableViewCell.swift in Sources */,
				6589A865259D46430007DE13 /* SettingsVC.swift in Sources */,
				6589A868259D464D0007DE13 /* BudgetVC.swift in Sources */,
			);
			runOnlyForDeploymentPostprocessing = 0;
		};
/* End PBXSourcesBuildPhase section */

/* Begin PBXVariantGroup section */
		65130FC02588CD4C005CEACF /* Main.storyboard */ = {
			isa = PBXVariantGroup;
			children = (
				65130FC12588CD4C005CEACF /* Base */,
			);
			name = Main.storyboard;
			sourceTree = "<group>";
		};
		65130FC52588CD4C005CEACF /* LaunchScreen.storyboard */ = {
			isa = PBXVariantGroup;
			children = (
				65130FC62588CD4C005CEACF /* Base */,
			);
			name = LaunchScreen.storyboard;
			sourceTree = "<group>";
		};
/* End PBXVariantGroup section */

/* Begin XCBuildConfiguration section */
		65130FC92588CD4C005CEACF /* Debug */ = {
			isa = XCBuildConfiguration;
			buildSettings = {
				ALWAYS_SEARCH_USER_PATHS = NO;
				CLANG_ANALYZER_NONNULL = YES;
				CLANG_ANALYZER_NUMBER_OBJECT_CONVERSION = YES_AGGRESSIVE;
				CLANG_CXX_LANGUAGE_STANDARD = "gnu++14";
				CLANG_CXX_LIBRARY = "libc++";
				CLANG_ENABLE_MODULES = YES;
				CLANG_ENABLE_OBJC_ARC = YES;
				CLANG_ENABLE_OBJC_WEAK = YES;
				CLANG_WARN_BLOCK_CAPTURE_AUTORELEASING = YES;
				CLANG_WARN_BOOL_CONVERSION = YES;
				CLANG_WARN_COMMA = YES;
				CLANG_WARN_CONSTANT_CONVERSION = YES;
				CLANG_WARN_DEPRECATED_OBJC_IMPLEMENTATIONS = YES;
				CLANG_WARN_DIRECT_OBJC_ISA_USAGE = YES_ERROR;
				CLANG_WARN_DOCUMENTATION_COMMENTS = YES;
				CLANG_WARN_EMPTY_BODY = YES;
				CLANG_WARN_ENUM_CONVERSION = YES;
				CLANG_WARN_INFINITE_RECURSION = YES;
				CLANG_WARN_INT_CONVERSION = YES;
				CLANG_WARN_NON_LITERAL_NULL_CONVERSION = YES;
				CLANG_WARN_OBJC_IMPLICIT_RETAIN_SELF = YES;
				CLANG_WARN_OBJC_LITERAL_CONVERSION = YES;
				CLANG_WARN_OBJC_ROOT_CLASS = YES_ERROR;
				CLANG_WARN_QUOTED_INCLUDE_IN_FRAMEWORK_HEADER = YES;
				CLANG_WARN_RANGE_LOOP_ANALYSIS = YES;
				CLANG_WARN_STRICT_PROTOTYPES = YES;
				CLANG_WARN_SUSPICIOUS_MOVE = YES;
				CLANG_WARN_UNGUARDED_AVAILABILITY = YES_AGGRESSIVE;
				CLANG_WARN_UNREACHABLE_CODE = YES;
				CLANG_WARN__DUPLICATE_METHOD_MATCH = YES;
				COPY_PHASE_STRIP = NO;
				DEBUG_INFORMATION_FORMAT = dwarf;
				ENABLE_STRICT_OBJC_MSGSEND = YES;
				ENABLE_TESTABILITY = YES;
				GCC_C_LANGUAGE_STANDARD = gnu11;
				GCC_DYNAMIC_NO_PIC = NO;
				GCC_NO_COMMON_BLOCKS = YES;
				GCC_OPTIMIZATION_LEVEL = 0;
				GCC_PREPROCESSOR_DEFINITIONS = (
					"DEBUG=1",
					"$(inherited)",
				);
				GCC_WARN_64_TO_32_BIT_CONVERSION = YES;
				GCC_WARN_ABOUT_RETURN_TYPE = YES_ERROR;
				GCC_WARN_UNDECLARED_SELECTOR = YES;
				GCC_WARN_UNINITIALIZED_AUTOS = YES_AGGRESSIVE;
				GCC_WARN_UNUSED_FUNCTION = YES;
				GCC_WARN_UNUSED_VARIABLE = YES;
				IPHONEOS_DEPLOYMENT_TARGET = 14.3;
				MTL_ENABLE_DEBUG_INFO = INCLUDE_SOURCE;
				MTL_FAST_MATH = YES;
				ONLY_ACTIVE_ARCH = YES;
				SDKROOT = iphoneos;
				SWIFT_ACTIVE_COMPILATION_CONDITIONS = DEBUG;
				SWIFT_OPTIMIZATION_LEVEL = "-Onone";
			};
			name = Debug;
		};
		65130FCA2588CD4C005CEACF /* Release */ = {
			isa = XCBuildConfiguration;
			buildSettings = {
				ALWAYS_SEARCH_USER_PATHS = NO;
				CLANG_ANALYZER_NONNULL = YES;
				CLANG_ANALYZER_NUMBER_OBJECT_CONVERSION = YES_AGGRESSIVE;
				CLANG_CXX_LANGUAGE_STANDARD = "gnu++14";
				CLANG_CXX_LIBRARY = "libc++";
				CLANG_ENABLE_MODULES = YES;
				CLANG_ENABLE_OBJC_ARC = YES;
				CLANG_ENABLE_OBJC_WEAK = YES;
				CLANG_WARN_BLOCK_CAPTURE_AUTORELEASING = YES;
				CLANG_WARN_BOOL_CONVERSION = YES;
				CLANG_WARN_COMMA = YES;
				CLANG_WARN_CONSTANT_CONVERSION = YES;
				CLANG_WARN_DEPRECATED_OBJC_IMPLEMENTATIONS = YES;
				CLANG_WARN_DIRECT_OBJC_ISA_USAGE = YES_ERROR;
				CLANG_WARN_DOCUMENTATION_COMMENTS = YES;
				CLANG_WARN_EMPTY_BODY = YES;
				CLANG_WARN_ENUM_CONVERSION = YES;
				CLANG_WARN_INFINITE_RECURSION = YES;
				CLANG_WARN_INT_CONVERSION = YES;
				CLANG_WARN_NON_LITERAL_NULL_CONVERSION = YES;
				CLANG_WARN_OBJC_IMPLICIT_RETAIN_SELF = YES;
				CLANG_WARN_OBJC_LITERAL_CONVERSION = YES;
				CLANG_WARN_OBJC_ROOT_CLASS = YES_ERROR;
				CLANG_WARN_QUOTED_INCLUDE_IN_FRAMEWORK_HEADER = YES;
				CLANG_WARN_RANGE_LOOP_ANALYSIS = YES;
				CLANG_WARN_STRICT_PROTOTYPES = YES;
				CLANG_WARN_SUSPICIOUS_MOVE = YES;
				CLANG_WARN_UNGUARDED_AVAILABILITY = YES_AGGRESSIVE;
				CLANG_WARN_UNREACHABLE_CODE = YES;
				CLANG_WARN__DUPLICATE_METHOD_MATCH = YES;
				COPY_PHASE_STRIP = NO;
				DEBUG_INFORMATION_FORMAT = "dwarf-with-dsym";
				ENABLE_NS_ASSERTIONS = NO;
				ENABLE_STRICT_OBJC_MSGSEND = YES;
				GCC_C_LANGUAGE_STANDARD = gnu11;
				GCC_NO_COMMON_BLOCKS = YES;
				GCC_WARN_64_TO_32_BIT_CONVERSION = YES;
				GCC_WARN_ABOUT_RETURN_TYPE = YES_ERROR;
				GCC_WARN_UNDECLARED_SELECTOR = YES;
				GCC_WARN_UNINITIALIZED_AUTOS = YES_AGGRESSIVE;
				GCC_WARN_UNUSED_FUNCTION = YES;
				GCC_WARN_UNUSED_VARIABLE = YES;
				IPHONEOS_DEPLOYMENT_TARGET = 14.3;
				MTL_ENABLE_DEBUG_INFO = NO;
				MTL_FAST_MATH = YES;
				SDKROOT = iphoneos;
				SWIFT_COMPILATION_MODE = wholemodule;
				SWIFT_OPTIMIZATION_LEVEL = "-O";
				VALIDATE_PRODUCT = YES;
			};
			name = Release;
		};
		65130FCC2588CD4C005CEACF /* Debug */ = {
			isa = XCBuildConfiguration;
			buildSettings = {
				ASSETCATALOG_COMPILER_APPICON_NAME = AppIcon;
				ASSETCATALOG_COMPILER_GLOBAL_ACCENT_COLOR_NAME = AccentColor;
				CODE_SIGN_STYLE = Automatic;
				DEVELOPMENT_TEAM = G3Z7ZD7U6T;
				INFOPLIST_FILE = ProjectMoney/Info.plist;
				LD_RUNPATH_SEARCH_PATHS = (
					"$(inherited)",
					"@executable_path/Frameworks",
				);
				PRODUCT_BUNDLE_IDENTIFIER = Ethan5on.ProjectMoney;
				PRODUCT_NAME = "$(TARGET_NAME)";
				SWIFT_VERSION = 5.0;
				TARGETED_DEVICE_FAMILY = "1,2";
			};
			name = Debug;
		};
		65130FCD2588CD4C005CEACF /* Release */ = {
			isa = XCBuildConfiguration;
			buildSettings = {
				ASSETCATALOG_COMPILER_APPICON_NAME = AppIcon;
				ASSETCATALOG_COMPILER_GLOBAL_ACCENT_COLOR_NAME = AccentColor;
				CODE_SIGN_STYLE = Automatic;
				DEVELOPMENT_TEAM = G3Z7ZD7U6T;
				INFOPLIST_FILE = ProjectMoney/Info.plist;
				LD_RUNPATH_SEARCH_PATHS = (
					"$(inherited)",
					"@executable_path/Frameworks",
				);
				PRODUCT_BUNDLE_IDENTIFIER = Ethan5on.ProjectMoney;
				PRODUCT_NAME = "$(TARGET_NAME)";
				SWIFT_VERSION = 5.0;
				TARGETED_DEVICE_FAMILY = "1,2";
			};
			name = Release;
		};
/* End XCBuildConfiguration section */

/* Begin XCConfigurationList section */
		65130FB22588CD4C005CEACF /* Build configuration list for PBXProject "ProjectMoney" */ = {
			isa = XCConfigurationList;
			buildConfigurations = (
				65130FC92588CD4C005CEACF /* Debug */,
				65130FCA2588CD4C005CEACF /* Release */,
			);
			defaultConfigurationIsVisible = 0;
			defaultConfigurationName = Release;
		};
		65130FCB2588CD4C005CEACF /* Build configuration list for PBXNativeTarget "ProjectMoney" */ = {
			isa = XCConfigurationList;
			buildConfigurations = (
				65130FCC2588CD4C005CEACF /* Debug */,
				65130FCD2588CD4C005CEACF /* Release */,
			);
			defaultConfigurationIsVisible = 0;
			defaultConfigurationName = Release;
		};
/* End XCConfigurationList section */
	};
	rootObject = 65130FAF2588CD4C005CEACF /* Project object */;
}
